// !$*UTF8*$!
{
	archiveVersion = 1;
	classes = {
	};
	objectVersion = 56;
	objects = {

/* Begin PBXBuildFile section */
		040648752C863B5D003459D7 /* PostView.swift in Sources */ = {isa = PBXBuildFile; fileRef = 040648742C863B5D003459D7 /* PostView.swift */; };
		041A1FEF2C8480C800B65FD8 /* MyNetworkScreen.swift in Sources */ = {isa = PBXBuildFile; fileRef = 041A1FEE2C8480C800B65FD8 /* MyNetworkScreen.swift */; };
		04493B902C8438F90091D285 /* LinkedInApp_CloneApp.swift in Sources */ = {isa = PBXBuildFile; fileRef = 04493B8F2C8438F90091D285 /* LinkedInApp_CloneApp.swift */; };
		04493B922C8438F90091D285 /* ContentView.swift in Sources */ = {isa = PBXBuildFile; fileRef = 04493B912C8438F90091D285 /* ContentView.swift */; };
		04493B942C8438FB0091D285 /* Assets.xcassets in Resources */ = {isa = PBXBuildFile; fileRef = 04493B932C8438FB0091D285 /* Assets.xcassets */; };
		04493B972C8438FB0091D285 /* Preview Assets.xcassets in Resources */ = {isa = PBXBuildFile; fileRef = 04493B962C8438FB0091D285 /* Preview Assets.xcassets */; };
		04493BA12C843B520091D285 /* SearchBar.swift in Sources */ = {isa = PBXBuildFile; fileRef = 04493BA02C843B520091D285 /* SearchBar.swift */; };
		048197D22C844B9A005CEFAF /* PostModel.swift in Sources */ = {isa = PBXBuildFile; fileRef = 048197D12C844B9A005CEFAF /* PostModel.swift */; };
		048197D42C844BED005CEFAF /* NetworkModel.swift in Sources */ = {isa = PBXBuildFile; fileRef = 048197D32C844BED005CEFAF /* NetworkModel.swift */; };
		048197D62C844DA1005CEFAF /* InvitationView.swift in Sources */ = {isa = PBXBuildFile; fileRef = 048197D52C844DA1005CEFAF /* InvitationView.swift */; };
		0481F2732C86497A0031A8CB /* HomeScreen.swift in Sources */ = {isa = PBXBuildFile; fileRef = 0481F2722C86497A0031A8CB /* HomeScreen.swift */; };
		0481F2752C864B230031A8CB /* TabBarScreen.swift in Sources */ = {isa = PBXBuildFile; fileRef = 0481F2742C864B230031A8CB /* TabBarScreen.swift */; };
		048A87CF2C86ED23001E3C1E /* LinkedIn Launch Screen.storyboard in Resources */ = {isa = PBXBuildFile; fileRef = 048A87CE2C86ED23001E3C1E /* LinkedIn Launch Screen.storyboard */; };
		048A87D12C86F06C001E3C1E /* Practice.swift in Sources */ = {isa = PBXBuildFile; fileRef = 048A87D02C86F06C001E3C1E /* Practice.swift */; };
		04D15B2C2C85A26B00D30A8F /* PostCardView.swift in Sources */ = {isa = PBXBuildFile; fileRef = 04D15B2B2C85A26B00D30A8F /* PostCardView.swift */; };
		04D15B2E2C85B36C00D30A8F /* ProfileAndPostView.swift in Sources */ = {isa = PBXBuildFile; fileRef = 04D15B2D2C85B36C00D30A8F /* ProfileAndPostView.swift */; };
/* End PBXBuildFile section */

/* Begin PBXFileReference section */
		040648742C863B5D003459D7 /* PostView.swift */ = {isa = PBXFileReference; lastKnownFileType = sourcecode.swift; path = PostView.swift; sourceTree = "<group>"; };
		041A1FEE2C8480C800B65FD8 /* MyNetworkScreen.swift */ = {isa = PBXFileReference; lastKnownFileType = sourcecode.swift; path = MyNetworkScreen.swift; sourceTree = "<group>"; };
		04493B8C2C8438F90091D285 /* LinkedInApp Clone.app */ = {isa = PBXFileReference; explicitFileType = wrapper.application; includeInIndex = 0; path = "LinkedInApp Clone.app"; sourceTree = BUILT_PRODUCTS_DIR; };
		04493B8F2C8438F90091D285 /* LinkedInApp_CloneApp.swift */ = {isa = PBXFileReference; lastKnownFileType = sourcecode.swift; path = LinkedInApp_CloneApp.swift; sourceTree = "<group>"; };
		04493B912C8438F90091D285 /* ContentView.swift */ = {isa = PBXFileReference; lastKnownFileType = sourcecode.swift; path = ContentView.swift; sourceTree = "<group>"; };
		04493B932C8438FB0091D285 /* Assets.xcassets */ = {isa = PBXFileReference; lastKnownFileType = folder.assetcatalog; path = Assets.xcassets; sourceTree = "<group>"; };
		04493B962C8438FB0091D285 /* Preview Assets.xcassets */ = {isa = PBXFileReference; lastKnownFileType = folder.assetcatalog; path = "Preview Assets.xcassets"; sourceTree = "<group>"; };
		04493BA02C843B520091D285 /* SearchBar.swift */ = {isa = PBXFileReference; lastKnownFileType = sourcecode.swift; path = SearchBar.swift; sourceTree = "<group>"; };
		048197D12C844B9A005CEFAF /* PostModel.swift */ = {isa = PBXFileReference; lastKnownFileType = sourcecode.swift; path = PostModel.swift; sourceTree = "<group>"; };
		048197D32C844BED005CEFAF /* NetworkModel.swift */ = {isa = PBXFileReference; lastKnownFileType = sourcecode.swift; path = NetworkModel.swift; sourceTree = "<group>"; };
		048197D52C844DA1005CEFAF /* InvitationView.swift */ = {isa = PBXFileReference; lastKnownFileType = sourcecode.swift; path = InvitationView.swift; sourceTree = "<group>"; };
		0481F2722C86497A0031A8CB /* HomeScreen.swift */ = {isa = PBXFileReference; lastKnownFileType = sourcecode.swift; path = HomeScreen.swift; sourceTree = "<group>"; };
		0481F2742C864B230031A8CB /* TabBarScreen.swift */ = {isa = PBXFileReference; lastKnownFileType = sourcecode.swift; path = TabBarScreen.swift; sourceTree = "<group>"; };
		048A87CE2C86ED23001E3C1E /* LinkedIn Launch Screen.storyboard */ = {isa = PBXFileReference; lastKnownFileType = file.storyboard; path = "LinkedIn Launch Screen.storyboard"; sourceTree = "<group>"; };
		048A87D02C86F06C001E3C1E /* Practice.swift */ = {isa = PBXFileReference; lastKnownFileType = sourcecode.swift; path = Practice.swift; sourceTree = "<group>"; };
		04D15B2B2C85A26B00D30A8F /* PostCardView.swift */ = {isa = PBXFileReference; lastKnownFileType = sourcecode.swift; path = PostCardView.swift; sourceTree = "<group>"; };
		04D15B2D2C85B36C00D30A8F /* ProfileAndPostView.swift */ = {isa = PBXFileReference; lastKnownFileType = sourcecode.swift; path = ProfileAndPostView.swift; sourceTree = "<group>"; };
/* End PBXFileReference section */

/* Begin PBXFrameworksBuildPhase section */
		04493B892C8438F90091D285 /* Frameworks */ = {
			isa = PBXFrameworksBuildPhase;
			buildActionMask = 2147483647;
			files = (
			);
			runOnlyForDeploymentPostprocessing = 0;
		};
/* End PBXFrameworksBuildPhase section */

/* Begin PBXGroup section */
		04493B832C8438F90091D285 = {
			isa = PBXGroup;
			children = (
				048A87D02C86F06C001E3C1E /* Practice.swift */,
				04493B8E2C8438F90091D285 /* LinkedInApp Clone */,
				04493B8D2C8438F90091D285 /* Products */,
			);
			sourceTree = "<group>";
		};
		04493B8D2C8438F90091D285 /* Products */ = {
			isa = PBXGroup;
			children = (
				04493B8C2C8438F90091D285 /* LinkedInApp Clone.app */,
			);
			name = Products;
			sourceTree = "<group>";
		};
		04493B8E2C8438F90091D285 /* LinkedInApp Clone */ = {
			isa = PBXGroup;
			children = (
				04493B9D2C843AA70091D285 /* Views */,
				04493B8F2C8438F90091D285 /* LinkedInApp_CloneApp.swift */,
				04493B912C8438F90091D285 /* ContentView.swift */,
				04493B932C8438FB0091D285 /* Assets.xcassets */,
				048197D02C844B80005CEFAF /* Models */,
				04493B952C8438FB0091D285 /* Preview Content */,
			);
			path = "LinkedInApp Clone";
			sourceTree = "<group>";
		};
		04493B952C8438FB0091D285 /* Preview Content */ = {
			isa = PBXGroup;
			children = (
				04493B962C8438FB0091D285 /* Preview Assets.xcassets */,
			);
			path = "Preview Content";
			sourceTree = "<group>";
		};
		04493B9D2C843AA70091D285 /* Views */ = {
			isa = PBXGroup;
			children = (
				04493BA02C843B520091D285 /* SearchBar.swift */,
				048197D52C844DA1005CEFAF /* InvitationView.swift */,
				041A1FEE2C8480C800B65FD8 /* MyNetworkScreen.swift */,
				048A87CE2C86ED23001E3C1E /* LinkedIn Launch Screen.storyboard */,
				04D15B2B2C85A26B00D30A8F /* PostCardView.swift */,
				04D15B2D2C85B36C00D30A8F /* ProfileAndPostView.swift */,
				040648742C863B5D003459D7 /* PostView.swift */,
				0481F2722C86497A0031A8CB /* HomeScreen.swift */,
				0481F2742C864B230031A8CB /* TabBarScreen.swift */,
			);
			path = Views;
			sourceTree = "<group>";
		};
		048197D02C844B80005CEFAF /* Models */ = {
			isa = PBXGroup;
			children = (
				048197D12C844B9A005CEFAF /* PostModel.swift */,
				048197D32C844BED005CEFAF /* NetworkModel.swift */,
			);
			path = Models;
			sourceTree = "<group>";
		};
/* End PBXGroup section */

/* Begin PBXNativeTarget section */
		04493B8B2C8438F90091D285 /* LinkedInApp Clone */ = {
			isa = PBXNativeTarget;
			buildConfigurationList = 04493B9A2C8438FB0091D285 /* Build configuration list for PBXNativeTarget "LinkedInApp Clone" */;
			buildPhases = (
				04493B882C8438F90091D285 /* Sources */,
				04493B892C8438F90091D285 /* Frameworks */,
				04493B8A2C8438F90091D285 /* Resources */,
			);
			buildRules = (
			);
			dependencies = (
			);
			name = "LinkedInApp Clone";
			productName = "LinkedInApp Clone";
			productReference = 04493B8C2C8438F90091D285 /* LinkedInApp Clone.app */;
			productType = "com.apple.product-type.application";
		};
/* End PBXNativeTarget section */

/* Begin PBXProject section */
		04493B842C8438F90091D285 /* Project object */ = {
			isa = PBXProject;
			attributes = {
				BuildIndependentTargetsInParallel = 1;
				LastSwiftUpdateCheck = 1420;
				LastUpgradeCheck = 1420;
				TargetAttributes = {
					04493B8B2C8438F90091D285 = {
						CreatedOnToolsVersion = 14.2;
					};
				};
			};
			buildConfigurationList = 04493B872C8438F90091D285 /* Build configuration list for PBXProject "LinkedInApp Clone" */;
			compatibilityVersion = "Xcode 14.0";
			developmentRegion = en;
			hasScannedForEncodings = 0;
			knownRegions = (
				en,
				Base,
			);
			mainGroup = 04493B832C8438F90091D285;
			productRefGroup = 04493B8D2C8438F90091D285 /* Products */;
			projectDirPath = "";
			projectRoot = "";
			targets = (
				04493B8B2C8438F90091D285 /* LinkedInApp Clone */,
			);
		};
/* End PBXProject section */

/* Begin PBXResourcesBuildPhase section */
		04493B8A2C8438F90091D285 /* Resources */ = {
			isa = PBXResourcesBuildPhase;
			buildActionMask = 2147483647;
			files = (
				048A87CF2C86ED23001E3C1E /* LinkedIn Launch Screen.storyboard in Resources */,
				04493B972C8438FB0091D285 /* Preview Assets.xcassets in Resources */,
				04493B942C8438FB0091D285 /* Assets.xcassets in Resources */,
			);
			runOnlyForDeploymentPostprocessing = 0;
		};
/* End PBXResourcesBuildPhase section */

/* Begin PBXSourcesBuildPhase section */
		04493B882C8438F90091D285 /* Sources */ = {
			isa = PBXSourcesBuildPhase;
			buildActionMask = 2147483647;
			files = (
				048A87D12C86F06C001E3C1E /* Practice.swift in Sources */,
				04D15B2C2C85A26B00D30A8F /* PostCardView.swift in Sources */,
				04D15B2E2C85B36C00D30A8F /* ProfileAndPostView.swift in Sources */,
				04493B922C8438F90091D285 /* ContentView.swift in Sources */,
				048197D22C844B9A005CEFAF /* PostModel.swift in Sources */,
				0481F2732C86497A0031A8CB /* HomeScreen.swift in Sources */,
				0481F2752C864B230031A8CB /* TabBarScreen.swift in Sources */,
				04493B902C8438F90091D285 /* LinkedInApp_CloneApp.swift in Sources */,
				048197D42C844BED005CEFAF /* NetworkModel.swift in Sources */,
				04493BA12C843B520091D285 /* SearchBar.swift in Sources */,
				048197D62C844DA1005CEFAF /* InvitationView.swift in Sources */,
				040648752C863B5D003459D7 /* PostView.swift in Sources */,
				041A1FEF2C8480C800B65FD8 /* MyNetworkScreen.swift in Sources */,
			);
			runOnlyForDeploymentPostprocessing = 0;
		};
/* End PBXSourcesBuildPhase section */

/* Begin XCBuildConfiguration section */
		04493B982C8438FB0091D285 /* Debug */ = {
			isa = XCBuildConfiguration;
			buildSettings = {
				ALWAYS_SEARCH_USER_PATHS = NO;
				CLANG_ANALYZER_NONNULL = YES;
				CLANG_ANALYZER_NUMBER_OBJECT_CONVERSION = YES_AGGRESSIVE;
				CLANG_CXX_LANGUAGE_STANDARD = "gnu++20";
				CLANG_ENABLE_MODULES = YES;
				CLANG_ENABLE_OBJC_ARC = YES;
				CLANG_ENABLE_OBJC_WEAK = YES;
				CLANG_WARN_BLOCK_CAPTURE_AUTORELEASING = YES;
				CLANG_WARN_BOOL_CONVERSION = YES;
				CLANG_WARN_COMMA = YES;
				CLANG_WARN_CONSTANT_CONVERSION = YES;
				CLANG_WARN_DEPRECATED_OBJC_IMPLEMENTATIONS = YES;
				CLANG_WARN_DIRECT_OBJC_ISA_USAGE = YES_ERROR;
				CLANG_WARN_DOCUMENTATION_COMMENTS = YES;
				CLANG_WARN_EMPTY_BODY = YES;
				CLANG_WARN_ENUM_CONVERSION = YES;
				CLANG_WARN_INFINITE_RECURSION = YES;
				CLANG_WARN_INT_CONVERSION = YES;
				CLANG_WARN_NON_LITERAL_NULL_CONVERSION = YES;
				CLANG_WARN_OBJC_IMPLICIT_RETAIN_SELF = YES;
				CLANG_WARN_OBJC_LITERAL_CONVERSION = YES;
				CLANG_WARN_OBJC_ROOT_CLASS = YES_ERROR;
				CLANG_WARN_QUOTED_INCLUDE_IN_FRAMEWORK_HEADER = YES;
				CLANG_WARN_RANGE_LOOP_ANALYSIS = YES;
				CLANG_WARN_STRICT_PROTOTYPES = YES;
				CLANG_WARN_SUSPICIOUS_MOVE = YES;
				CLANG_WARN_UNGUARDED_AVAILABILITY = YES_AGGRESSIVE;
				CLANG_WARN_UNREACHABLE_CODE = YES;
				CLANG_WARN__DUPLICATE_METHOD_MATCH = YES;
				COPY_PHASE_STRIP = NO;
				DEBUG_INFORMATION_FORMAT = dwarf;
				ENABLE_STRICT_OBJC_MSGSEND = YES;
				ENABLE_TESTABILITY = YES;
				GCC_C_LANGUAGE_STANDARD = gnu11;
				GCC_DYNAMIC_NO_PIC = NO;
				GCC_NO_COMMON_BLOCKS = YES;
				GCC_OPTIMIZATION_LEVEL = 0;
				GCC_PREPROCESSOR_DEFINITIONS = (
					"DEBUG=1",
					"$(inherited)",
				);
				GCC_WARN_64_TO_32_BIT_CONVERSION = YES;
				GCC_WARN_ABOUT_RETURN_TYPE = YES_ERROR;
				GCC_WARN_UNDECLARED_SELECTOR = YES;
				GCC_WARN_UNINITIALIZED_AUTOS = YES_AGGRESSIVE;
				GCC_WARN_UNUSED_FUNCTION = YES;
				GCC_WARN_UNUSED_VARIABLE = YES;
				IPHONEOS_DEPLOYMENT_TARGET = 16.2;
				MTL_ENABLE_DEBUG_INFO = INCLUDE_SOURCE;
				MTL_FAST_MATH = YES;
				ONLY_ACTIVE_ARCH = YES;
				SDKROOT = iphoneos;
				SWIFT_ACTIVE_COMPILATION_CONDITIONS = DEBUG;
				SWIFT_OPTIMIZATION_LEVEL = "-Onone";
			};
			name = Debug;
		};
		04493B992C8438FB0091D285 /* Release */ = {
			isa = XCBuildConfiguration;
			buildSettings = {
				ALWAYS_SEARCH_USER_PATHS = NO;
				CLANG_ANALYZER_NONNULL = YES;
				CLANG_ANALYZER_NUMBER_OBJECT_CONVERSION = YES_AGGRESSIVE;
				CLANG_CXX_LANGUAGE_STANDARD = "gnu++20";
				CLANG_ENABLE_MODULES = YES;
				CLANG_ENABLE_OBJC_ARC = YES;
				CLANG_ENABLE_OBJC_WEAK = YES;
				CLANG_WARN_BLOCK_CAPTURE_AUTORELEASING = YES;
				CLANG_WARN_BOOL_CONVERSION = YES;
				CLANG_WARN_COMMA = YES;
				CLANG_WARN_CONSTANT_CONVERSION = YES;
				CLANG_WARN_DEPRECATED_OBJC_IMPLEMENTATIONS = YES;
				CLANG_WARN_DIRECT_OBJC_ISA_USAGE = YES_ERROR;
				CLANG_WARN_DOCUMENTATION_COMMENTS = YES;
				CLANG_WARN_EMPTY_BODY = YES;
				CLANG_WARN_ENUM_CONVERSION = YES;
				CLANG_WARN_INFINITE_RECURSION = YES;
				CLANG_WARN_INT_CONVERSION = YES;
				CLANG_WARN_NON_LITERAL_NULL_CONVERSION = YES;
				CLANG_WARN_OBJC_IMPLICIT_RETAIN_SELF = YES;
				CLANG_WARN_OBJC_LITERAL_CONVERSION = YES;
				CLANG_WARN_OBJC_ROOT_CLASS = YES_ERROR;
				CLANG_WARN_QUOTED_INCLUDE_IN_FRAMEWORK_HEADER = YES;
				CLANG_WARN_RANGE_LOOP_ANALYSIS = YES;
				CLANG_WARN_STRICT_PROTOTYPES = YES;
				CLANG_WARN_SUSPICIOUS_MOVE = YES;
				CLANG_WARN_UNGUARDED_AVAILABILITY = YES_AGGRESSIVE;
				CLANG_WARN_UNREACHABLE_CODE = YES;
				CLANG_WARN__DUPLICATE_METHOD_MATCH = YES;
				COPY_PHASE_STRIP = NO;
				DEBUG_INFORMATION_FORMAT = "dwarf-with-dsym";
				ENABLE_NS_ASSERTIONS = NO;
				ENABLE_STRICT_OBJC_MSGSEND = YES;
				GCC_C_LANGUAGE_STANDARD = gnu11;
				GCC_NO_COMMON_BLOCKS = YES;
				GCC_WARN_64_TO_32_BIT_CONVERSION = YES;
				GCC_WARN_ABOUT_RETURN_TYPE = YES_ERROR;
				GCC_WARN_UNDECLARED_SELECTOR = YES;
				GCC_WARN_UNINITIALIZED_AUTOS = YES_AGGRESSIVE;
				GCC_WARN_UNUSED_FUNCTION = YES;
				GCC_WARN_UNUSED_VARIABLE = YES;
				IPHONEOS_DEPLOYMENT_TARGET = 16.2;
				MTL_ENABLE_DEBUG_INFO = NO;
				MTL_FAST_MATH = YES;
				SDKROOT = iphoneos;
				SWIFT_COMPILATION_MODE = wholemodule;
				SWIFT_OPTIMIZATION_LEVEL = "-O";
				VALIDATE_PRODUCT = YES;
			};
			name = Release;
		};
		04493B9B2C8438FB0091D285 /* Debug */ = {
			isa = XCBuildConfiguration;
			buildSettings = {
				ASSETCATALOG_COMPILER_APPICON_NAME = AppIcon;
				ASSETCATALOG_COMPILER_GLOBAL_ACCENT_COLOR_NAME = AccentColor;
				CODE_SIGN_STYLE = Automatic;
				CURRENT_PROJECT_VERSION = 1;
				DEVELOPMENT_ASSET_PATHS = "\"LinkedInApp Clone/Preview Content\"";
				ENABLE_PREVIEWS = YES;
				GENERATE_INFOPLIST_FILE = YES;
				INFOPLIST_KEY_UIApplicationSceneManifest_Generation = YES;
				INFOPLIST_KEY_UIApplicationSupportsIndirectInputEvents = YES;
				INFOPLIST_KEY_UILaunchScreen_Generation = YES;
				INFOPLIST_KEY_UILaunchStoryboardName = "LinkedIn Launch Screen.storyboard";
				INFOPLIST_KEY_UISupportedInterfaceOrientations_iPad = "UIInterfaceOrientationPortrait UIInterfaceOrientationPortraitUpsideDown UIInterfaceOrientationLandscapeLeft UIInterfaceOrientationLandscapeRight";
				INFOPLIST_KEY_UISupportedInterfaceOrientations_iPhone = "UIInterfaceOrientationPortrait UIInterfaceOrientationLandscapeLeft UIInterfaceOrientationLandscapeRight";
				LD_RUNPATH_SEARCH_PATHS = (
					"$(inherited)",
					"@executable_path/Frameworks",
				);
				MARKETING_VERSION = 1.0;
				PRODUCT_BUNDLE_IDENTIFIER = "com.sai.LinkedInApp-Clone";
				PRODUCT_NAME = "$(TARGET_NAME)";
				SWIFT_EMIT_LOC_STRINGS = YES;
				SWIFT_VERSION = 5.0;
				TARGETED_DEVICE_FAMILY = "1,2";
			};
			name = Debug;
		};
		04493B9C2C8438FB0091D285 /* Release */ = {
			isa = XCBuildConfiguration;
			buildSettings = {
				ASSETCATALOG_COMPILER_APPICON_NAME = AppIcon;
				ASSETCATALOG_COMPILER_GLOBAL_ACCENT_COLOR_NAME = AccentColor;
				CODE_SIGN_STYLE = Automatic;
				CURRENT_PROJECT_VERSION = 1;
				DEVELOPMENT_ASSET_PATHS = "\"LinkedInApp Clone/Preview Content\"";
				ENABLE_PREVIEWS = YES;
				GENERATE_INFOPLIST_FILE = YES;
				INFOPLIST_KEY_UIApplicationSceneManifest_Generation = YES;
				INFOPLIST_KEY_UIApplicationSupportsIndirectInputEvents = YES;
				INFOPLIST_KEY_UILaunchScreen_Generation = YES;
				INFOPLIST_KEY_UILaunchStoryboardName = "LinkedIn Launch Screen.storyboard";
				INFOPLIST_KEY_UISupportedInterfaceOrientations_iPad = "UIInterfaceOrientationPortrait UIInterfaceOrientationPortraitUpsideDown UIInterfaceOrientationLandscapeLeft UIInterfaceOrientationLandscapeRight";
				INFOPLIST_KEY_UISupportedInterfaceOrientations_iPhone = "UIInterfaceOrientationPortrait UIInterfaceOrientationLandscapeLeft UIInterfaceOrientationLandscapeRight";
				LD_RUNPATH_SEARCH_PATHS = (
					"$(inherited)",
					"@executable_path/Frameworks",
				);
				MARKETING_VERSION = 1.0;
				PRODUCT_BUNDLE_IDENTIFIER = "com.sai.LinkedInApp-Clone";
				PRODUCT_NAME = "$(TARGET_NAME)";
				SWIFT_EMIT_LOC_STRINGS = YES;
				SWIFT_VERSION = 5.0;
				TARGETED_DEVICE_FAMILY = "1,2";
			};
			name = Release;
		};
/* End XCBuildConfiguration section */

/* Begin XCConfigurationList section */
		04493B872C8438F90091D285 /* Build configuration list for PBXProject "LinkedInApp Clone" */ = {
			isa = XCConfigurationList;
			buildConfigurations = (
				04493B982C8438FB0091D285 /* Debug */,
				04493B992C8438FB0091D285 /* Release */,
			);
			defaultConfigurationIsVisible = 0;
			defaultConfigurationName = Release;
		};
		04493B9A2C8438FB0091D285 /* Build configuration list for PBXNativeTarget "LinkedInApp Clone" */ = {
			isa = XCConfigurationList;
			buildConfigurations = (
				04493B9B2C8438FB0091D285 /* Debug */,
				04493B9C2C8438FB0091D285 /* Release */,
			);
			defaultConfigurationIsVisible = 0;
			defaultConfigurationName = Release;
		};
/* End XCConfigurationList section */
	};
	rootObject = 04493B842C8438F90091D285 /* Project object */;
}
